<?xml version="1.0" encoding="utf-8"?>
<Project ToolsVersion="4.0" xmlns="http://schemas.microsoft.com/developer/msbuild/2003">
  <ItemGroup>
    <Filter Include="Source Files">
      <UniqueIdentifier>{4FC737F1-C7A5-4376-A066-2A32D752A2FF}</UniqueIdentifier>
      <Extensions>cpp;c;cc;cxx;def;odl;idl;hpj;bat;asm;asmx</Extensions>
    </Filter>
    <Filter Include="Source Files\Core">
      <UniqueIdentifier>{691220f7-d8f4-469b-9e2d-52ee9c835249}</UniqueIdentifier>
    </Filter>
    <Filter Include="Source Files\Objects">
      <UniqueIdentifier>{4759b379-f2d8-49cf-abf8-a4731f25b21d}</UniqueIdentifier>
    </Filter>
    <Filter Include="Source Files\Level">
      <UniqueIdentifier>{295d66ec-3623-4a60-ad5e-4946491a2a60}</UniqueIdentifier>
    </Filter>
    <Filter Include="Source Files\Core\Graphics">
      <UniqueIdentifier>{dc85d437-064d-4071-9042-c406bd89f829}</UniqueIdentifier>
    </Filter>
    <Filter Include="Source Files\Editor">
      <UniqueIdentifier>{157490e8-3b54-474f-839d-6675ca796da1}</UniqueIdentifier>
    </Filter>
  </ItemGroup>
  <ItemGroup>
    <ClCompile Include="main.cpp" />
    <ClCompile Include="Game.cpp">
      <Filter>Source Files\Core</Filter>
    </ClCompile>
    <ClCompile Include="Object_base.cpp">
      <Filter>Source Files\Objects</Filter>
    </ClCompile>
    <ClCompile Include="Player.cpp">
      <Filter>Source Files\Objects</Filter>
    </ClCompile>
    <ClCompile Include="Input.cpp">
      <Filter>Source Files\Core</Filter>
    </ClCompile>
    <ClCompile Include="Map_handler.cpp">
      <Filter>Source Files\Level</Filter>
    </ClCompile>
    <ClCompile Include="Camera.cpp">
      <Filter>Source Files\Level</Filter>
    </ClCompile>
    <ClCompile Include="Gameplay.cpp">
      <Filter>Source Files\Core</Filter>
    </ClCompile>
    <ClCompile Include="Tile_data.cpp">
      <Filter>Source Files\Level</Filter>
    </ClCompile>
    <ClCompile Include="Map_reader.cpp">
      <Filter>Source Files\Level</Filter>
    </ClCompile>
    <ClCompile Include="Animation.cpp">
      <Filter>Source Files\Core\Graphics</Filter>
    </ClCompile>
    <ClCompile Include="Draw_handler.cpp">
      <Filter>Source Files\Core\Graphics</Filter>
    </ClCompile>
    <ClCompile Include="Font_handler.cpp">
      <Filter>Source Files\Core\Graphics</Filter>
    </ClCompile>
    <ClCompile Include="Menu_handler.cpp">
      <Filter>Source Files\Core</Filter>
    </ClCompile>
    <ClCompile Include="Audio_handler.cpp">
      <Filter>Source Files\Core</Filter>
    </ClCompile>
    <ClCompile Include="Edit_map.cpp">
      <Filter>Source Files\Editor</Filter>
    </ClCompile>
    <ClCompile Include="Editor_camera.cpp">
      <Filter>Source Files\Editor</Filter>
    </ClCompile>
    <ClCompile Include="Editor_map_reader.cpp">
      <Filter>Source Files\Editor</Filter>
    </ClCompile>
    <ClCompile Include="Map_writer.cpp">
      <Filter>Source Files\Editor</Filter>
    </ClCompile>
    <ClCompile Include="Parser.cpp">
      <Filter>Source Files\Editor</Filter>
    </ClCompile>
  </ItemGroup>
  <ItemGroup>
    <ClInclude Include="Base.h">
      <Filter>Source Files\Core</Filter>
    </ClInclude>
    <ClInclude Include="Game.h">
      <Filter>Source Files\Core</Filter>
    </ClInclude>
    <ClInclude Include="Input.h">
      <Filter>Source Files\Core</Filter>
    </ClInclude>
    <ClInclude Include="Object_base.h">
      <Filter>Source Files\Objects</Filter>
    </ClInclude>
    <ClInclude Include="Player.h">
      <Filter>Source Files\Objects</Filter>
    </ClInclude>
    <ClInclude Include="Map_handler.h">
      <Filter>Source Files\Level</Filter>
    </ClInclude>
    <ClInclude Include="Camera.h">
      <Filter>Source Files\Level</Filter>
    </ClInclude>
    <ClInclude Include="Gameplay.h">
      <Filter>Source Files\Core</Filter>
    </ClInclude>
    <ClInclude Include="Tile_data.h">
      <Filter>Source Files\Level</Filter>
    </ClInclude>
    <ClInclude Include="Map_reader.h">
      <Filter>Source Files\Level</Filter>
    </ClInclude>
    <ClInclude Include="Animation.h">
      <Filter>Source Files\Core\Graphics</Filter>
    </ClInclude>
    <ClInclude Include="Draw_handler.h">
      <Filter>Source Files\Core\Graphics</Filter>
    </ClInclude>
    <ClInclude Include="Font_handler.h">
      <Filter>Source Files\Core\Graphics</Filter>
    </ClInclude>
    <ClInclude Include="Menu_handler.h">
      <Filter>Source Files\Core</Filter>
    </ClInclude>
    <ClInclude Include="Audio_handler.h">
      <Filter>Source Files\Core</Filter>
    </ClInclude>
    <ClInclude Include="Edit_map.h">
      <Filter>Source Files\Editor</Filter>
    </ClInclude>
    <ClInclude Include="Editor_Base_Values.h">
      <Filter>Source Files\Editor</Filter>
    </ClInclude>
    <ClInclude Include="Editor_camera.h">
      <Filter>Source Files\Editor</Filter>
    </ClInclude>
    <ClInclude Include="Editor_map_reader.h">
      <Filter>Source Files\Editor</Filter>
    </ClInclude>
    <ClInclude Include="Map_writer.h">
      <Filter>Source Files\Editor</Filter>
    </ClInclude>
    <ClInclude Include="Parser.h">
      <Filter>Source Files\Editor</Filter>
    </ClInclude>
  </ItemGroup>
</Project>